{
    "name": "fixture-drifted",
    "version": "1.0.0",
    "lockfileVersion": 3,
    "requires": true,
    "packages": {
        "": {
            "name": "fixture-drifted",
            "version": "1.0.0",
            "dependencies": {
                "axios": "^0.21.1"
            }
        },
        "node_modules/axios": {
            "version": "0.21.1",
            "resolved": "https://registry.npmjs.org/axios/-/axios-0.21.1.md",
            "integrity": "sha512-dKKeDtrMBrfAdmXQguenUM69EUMSxxAdk9N7SV0680v3+hO27yV8C2X01d9t0I806O5eS0C49B5g=="
        }
    }
}