{
    "name": "fixture-single",
    "version": "1.0.0",
    "lockfileVersion": 3,
    "requires": true,
    "packages": {
        "": {
            "name": "fixture-single",
            "version": "1.0.0",
            "dependencies": {
                "colors": "1.4.0"
            }
        },
        "node_modules/colors": {
            "version": "1.4.0",
            "resolved": "https://registry.npmjs.org/colors/-/colors-1.4.0.md"
        }
    }
}