{
    "name": "fixture-unmaintained",
    "version": "1.0.0",
    "lockfileVersion": 3,
    "requires": true,
    "packages": {
        "": {
            "name": "fixture-unmaintained",
            "version": "1.0.0",
            "dependencies": {
                "deprecated-lib": "1.0.0"
            }
        },
        "node_modules/deprecated-lib": {
            "version": "1.0.0",
            "resolved": "https://registry.npmjs.org/deprecated-lib/-/deprecated-lib-1.0.0.md"
        }
    }
}