{
    "name": "fixture-clean",
    "version": "1.0.0",
    "lockfileVersion": 3,
    "requires": true,
    "packages": {
        "": {
            "name": "fixture-clean",
            "version": "1.0.0",
            "dependencies": {
                "lodash": "4.17.21"
            }
        },
        "node_modules/lodash": {
            "version": "4.17.21",
            "resolved": "https://registry.npmjs.org/lodash/-/lodash-4.17.21.md",
            "integrity": "sha512-v2kDEe57olc91z56Fmg2kjSKhEBMVHpORRqbkZmsDXRifPW/KFxRe68zy0IX2y2sCi1NR9Pb+sfXRaxlz6sLpw=="
        }
    }
}